{
  "nodes": {
    "local": {
      "inputs": {
        "nixpkgs": "nixpkgs",
        "rip": "rip"
      },
      "locked": {
        "narHash": "sha256-soQlJrqlv84y/lDb6fd9buBVzHK/rAev5fxnbKJblAg=",
        "path": "/home/dbe/dotfiles/nixpkgs",
        "type": "path"
      },
      "original": {
        "id": "local",
        "type": "indirect"
      }
    },
    "nixpkgs": {
      "locked": {
        "lastModified": 1596708377,
        "narHash": "sha256-haZgQeAMFJy4IhTlFlcYImwrzyZqMIVI32IZ/yYGQoc=",
        "owner": "NixOS",
        "repo": "nixpkgs",
        "rev": "4fe5107376f2ed49a32a2201c0ae39f83b10c3fc",
        "type": "github"
      },
      "original": {
        "id": "nixpkgs",
        "type": "indirect"
      }
    },
    "nixpkgs_2": {
      "locked": {
        "lastModified": 1596240678,
        "narHash": "sha256-BWZglwYwAj4+6+ZaKLHLo0k1p7yXTL7JI6Z17uNeo6k=",
        "owner": "NixOS",
        "repo": "nixpkgs",
        "rev": "977000f149bd4ddb65bf1af09552898a0f305c72",
        "type": "github"
      },
      "original": {
        "owner": "NixOS",
        "ref": "nixos-20.03",
        "repo": "nixpkgs",
        "type": "github"
      }
    },
    "rip": {
      "flake": false,
      "locked": {
        "lastModified": 1582891145,
        "narHash": "sha256-go5n3tZ47j9JVW2I+RM5f8ND48MOZHB82c/cnwfFbT4=",
        "owner": "nivekuil",
        "repo": "rip",
        "rev": "8b9514f841cf596ff6c2f1a7cc8f8df037c4a1b0",
        "type": "github"
      },
      "original": {
        "owner": "nivekuil",
        "repo": "rip",
        "rev": "8b9514f841cf596ff6c2f1a7cc8f8df037c4a1b0",
        "type": "github"
      }
    },
    "root": {
      "inputs": {
        "local": "local",
        "nixpkgs": "nixpkgs_2"
      }
    }
  },
  "root": "root",
  "version": 7
}
