{
  "nodes": {
    "dog": {
      "flake": false,
      "locked": {
        "lastModified": 1604966560,
        "narHash": "sha256-gI+hE9tK2wT+zIBfoDbO0ObfvY13HB4r3+akCJOYRbw=",
        "owner": "ogham",
        "repo": "dog",
        "rev": "f756c6769dbdea0661a0ed074568d935f62b3b89",
        "type": "github"
      },
      "original": {
        "owner": "ogham",
        "repo": "dog",
        "rev": "f756c6769dbdea0661a0ed074568d935f62b3b89",
        "type": "github"
      }
    },
    "nixpkgs": {
      "locked": {
        "lastModified": 1603283230,
        "narHash": "sha256-GWXTOlQf+BdP3EB5e4FUVQf8sWbuIKjazT+QMVbe/jY=",
        "owner": "NixOS",
        "repo": "nixpkgs",
        "rev": "d2b8b928655f1b5e80985e49555aef70818a9bdf",
        "type": "github"
      },
      "original": {
        "owner": "NixOS",
        "repo": "nixpkgs",
        "rev": "d2b8b928655f1b5e80985e49555aef70818a9bdf",
        "type": "github"
      }
    },
    "nixpkgs_2": {
      "locked": {
        "lastModified": 1603283230,
        "narHash": "sha256-GWXTOlQf+BdP3EB5e4FUVQf8sWbuIKjazT+QMVbe/jY=",
        "owner": "NixOS",
        "repo": "nixpkgs",
        "rev": "d2b8b928655f1b5e80985e49555aef70818a9bdf",
        "type": "github"
      },
      "original": {
        "owner": "NixOS",
        "repo": "nixpkgs",
        "rev": "d2b8b928655f1b5e80985e49555aef70818a9bdf",
        "type": "github"
      }
    },
    "pdotfiles": {
      "locked": {
        "lastModified": 1605980352,
        "narHash": "sha256-pfl8L0KIS/vAseIh/mvfSk1pa4p19TsXFIXDMRxF+Rg=",
        "ref": "master",
        "rev": "6a82ae4afc0c1ce318044dd2989278e1f1b4799f",
        "revCount": 17,
        "type": "git",
        "url": "git+ssh://git@github.com/dbeecham/p-dotfiles"
      },
      "original": {
        "rev": "6a82ae4afc0c1ce318044dd2989278e1f1b4799f",
        "type": "git",
        "url": "git+ssh://git@github.com/dbeecham/p-dotfiles"
      }
    },
    "rip": {
      "flake": false,
      "locked": {
        "lastModified": 1582891145,
        "narHash": "sha256-go5n3tZ47j9JVW2I+RM5f8ND48MOZHB82c/cnwfFbT4=",
        "owner": "nivekuil",
        "repo": "rip",
        "rev": "8b9514f841cf596ff6c2f1a7cc8f8df037c4a1b0",
        "type": "github"
      },
      "original": {
        "owner": "nivekuil",
        "repo": "rip",
        "rev": "8b9514f841cf596ff6c2f1a7cc8f8df037c4a1b0",
        "type": "github"
      }
    },
    "root": {
      "inputs": {
        "dog": "dog",
        "nixpkgs": "nixpkgs",
        "pdotfiles": "pdotfiles",
        "rip": "rip",
        "st": "st"
      }
    },
    "st": {
      "inputs": {
        "nixpkgs": "nixpkgs_2"
      },
      "locked": {
        "lastModified": 1603350802,
        "narHash": "sha256-lNCLYMsghziPjpiWPLX0EHspIGo7EvhNpl0bHplk9CY=",
        "owner": "dbeecham",
        "repo": "st",
        "rev": "77f6af60b98c6f264f78f6feeae13150fd28e3f0",
        "type": "github"
      },
      "original": {
        "owner": "dbeecham",
        "repo": "st",
        "rev": "77f6af60b98c6f264f78f6feeae13150fd28e3f0",
        "type": "github"
      }
    }
  },
  "root": "root",
  "version": 7
}
