{
  "nodes": {
    "nixpkgs": {
      "locked": {
        "lastModified": 1602199056,
        "narHash": "sha256-32nXmsqjqE2EFf9U7pgZNj3FlFlOacXLbPmYbrDTrGM=",
        "owner": "NixOS",
        "repo": "nixpkgs",
        "rev": "eba1d0126b4e6c386d529911bbeadbea99b933d6",
        "type": "github"
      },
      "original": {
        "owner": "NixOS",
        "repo": "nixpkgs",
        "rev": "eba1d0126b4e6c386d529911bbeadbea99b933d6",
        "type": "github"
      }
    },
    "pdotfiles": {
      "locked": {
        "lastModified": 1602492596,
        "narHash": "sha256-zh86a9f5S5XASHnkP38G2qWVDSo2psMjRqZZAZykHRY=",
        "ref": "master",
        "rev": "5d73ca38e8667f4775926a225e529423ea6cabbe",
        "revCount": 2,
        "type": "git",
        "url": "git+ssh://git@github.com/dbeecham/p-dotfiles"
      },
      "original": {
        "rev": "5d73ca38e8667f4775926a225e529423ea6cabbe",
        "type": "git",
        "url": "git+ssh://git@github.com/dbeecham/p-dotfiles"
      }
    },
    "rip": {
      "flake": false,
      "locked": {
        "lastModified": 1582891145,
        "narHash": "sha256-go5n3tZ47j9JVW2I+RM5f8ND48MOZHB82c/cnwfFbT4=",
        "owner": "nivekuil",
        "repo": "rip",
        "rev": "8b9514f841cf596ff6c2f1a7cc8f8df037c4a1b0",
        "type": "github"
      },
      "original": {
        "owner": "nivekuil",
        "repo": "rip",
        "rev": "8b9514f841cf596ff6c2f1a7cc8f8df037c4a1b0",
        "type": "github"
      }
    },
    "root": {
      "inputs": {
        "nixpkgs": "nixpkgs",
        "pdotfiles": "pdotfiles",
        "rip": "rip"
      }
    }
  },
  "root": "root",
  "version": 7
}
